
Microsoft Visual Studio Solution File, Format Version 12.00
# Visual Studio Version 17
VisualStudioVersion = 17.4.33103.184
MinimumVisualStudioVersion = 10.0.40219.1
Project("{888888A0-9F3D-457C-B088-3A5042F75D52}") = "Capture Training Data", "Capture Training Data.pyproj", "{2762A0D4-4F6F-49BB-911D-4473EBAD97B2}"
EndProject
Global
	GlobalSection(SolutionConfigurationPlatforms) = preSolution
		Debug|Any CPU = Debug|Any CPU
		Release|Any CPU = Release|Any CPU
	EndGlobalSection
	GlobalSection(ProjectConfigurationPlatforms) = postSolution
		{2762A0D4-4F6F-49BB-911D-4473EBAD97B2}.Debug|Any CPU.ActiveCfg = Debug|Any CPU
		{2762A0D4-4F6F-49BB-911D-4473EBAD97B2}.Release|Any CPU.ActiveCfg = Release|Any CPU
	EndGlobalSection
	GlobalSection(SolutionProperties) = preSolution
		HideSolutionNode = FALSE
	EndGlobalSection
	GlobalSection(ExtensibilityGlobals) = postSolution
		SolutionGuid = {F8846CFE-D9E7-4F64-BDF7-7D5844071F90}
	EndGlobalSection
EndGlobal
